
Microsoft Visual Studio Solution File, Format Version 12.00
# Visual Studio Version 17
VisualStudioVersion = 17.9.34902.65
MinimumVisualStudioVersion = 10.0.40219.1
Project("{9A19103F-16F7-4668-BE54-9A1E7A4F7556}") = "Lesson #1", "DotNet Lesson\Lesson #1.csproj", "{E27A8EED-D693-43B6-9F92-46FC15A96D49}"
EndProject
Project("{9A19103F-16F7-4668-BE54-9A1E7A4F7556}") = "HomeWork1", "HomeWork1\HomeWork1.csproj", "{EE25EC4F-0FAD-4E82-B236-6DBB67C8855C}"
EndProject
Project("{9A19103F-16F7-4668-BE54-9A1E7A4F7556}") = "HomeWork2", "HomeWork2\HomeWork2.csproj", "{A66FD342-FC3B-4BC1-854B-F9A531794D00}"
EndProject
Project("{9A19103F-16F7-4668-BE54-9A1E7A4F7556}") = "HomeWork3", "HomeWork3\HomeWork3.csproj", "{45ED3526-2454-4611-ACCE-821E62D925EF}"
EndProject
Project("{9A19103F-16F7-4668-BE54-9A1E7A4F7556}") = "HomeWork4", "HomeWork4\HomeWork4.csproj", "{0E9A84DF-4A73-4447-AD77-482C541979EF}"
EndProject
Project("{9A19103F-16F7-4668-BE54-9A1E7A4F7556}") = "HomeWork5", "HomeWork5\HomeWork5.csproj", "{013A8EC0-766B-4672-BC67-036953718C71}"
EndProject
Project("{9A19103F-16F7-4668-BE54-9A1E7A4F7556}") = "HomeWork6 TASKS FOR LESSON", "HomeWork6\HomeWork6 TASKS FOR LESSON.csproj", "{46C15CE4-0946-43F1-A702-90245E9B29F0}"
EndProject
Project("{9A19103F-16F7-4668-BE54-9A1E7A4F7556}") = "HomeWork6 Normal", "HomeWork6 Normal\HomeWork6 Normal.csproj", "{15AE61E8-21BA-4FC1-B08A-F7B909EAB8DF}"
EndProject
Project("{9A19103F-16F7-4668-BE54-9A1E7A4F7556}") = "HomeWork7", "HomeWork7\HomeWork7.csproj", "{F43769E6-C188-4088-B196-705ED4E4E4B6}"
EndProject
Project("{9A19103F-16F7-4668-BE54-9A1E7A4F7556}") = "HomeWork8", "HomeWork8\HomeWork8.csproj", "{DB1C49C1-797F-4112-A4D0-666238DEC628}"
EndProject
Project("{FAE04EC0-301F-11D3-BF4B-00C04F79EFBC}") = "HomeWork9", "HomeWork9\HomeWork9.csproj", "{78137DE8-6236-4351-8630-1C4E6D3176B9}"
EndProject
Global
	GlobalSection(SolutionConfigurationPlatforms) = preSolution
		Debug|Any CPU = Debug|Any CPU
		Release|Any CPU = Release|Any CPU
	EndGlobalSection
	GlobalSection(ProjectConfigurationPlatforms) = postSolution
		{E27A8EED-D693-43B6-9F92-46FC15A96D49}.Debug|Any CPU.ActiveCfg = Debug|Any CPU
		{E27A8EED-D693-43B6-9F92-46FC15A96D49}.Debug|Any CPU.Build.0 = Debug|Any CPU
		{E27A8EED-D693-43B6-9F92-46FC15A96D49}.Release|Any CPU.ActiveCfg = Release|Any CPU
		{E27A8EED-D693-43B6-9F92-46FC15A96D49}.Release|Any CPU.Build.0 = Release|Any CPU
		{EE25EC4F-0FAD-4E82-B236-6DBB67C8855C}.Debug|Any CPU.ActiveCfg = Debug|Any CPU
		{EE25EC4F-0FAD-4E82-B236-6DBB67C8855C}.Debug|Any CPU.Build.0 = Debug|Any CPU
		{EE25EC4F-0FAD-4E82-B236-6DBB67C8855C}.Release|Any CPU.ActiveCfg = Release|Any CPU
		{EE25EC4F-0FAD-4E82-B236-6DBB67C8855C}.Release|Any CPU.Build.0 = Release|Any CPU
		{A66FD342-FC3B-4BC1-854B-F9A531794D00}.Debug|Any CPU.ActiveCfg = Debug|Any CPU
		{A66FD342-FC3B-4BC1-854B-F9A531794D00}.Debug|Any CPU.Build.0 = Debug|Any CPU
		{A66FD342-FC3B-4BC1-854B-F9A531794D00}.Release|Any CPU.ActiveCfg = Release|Any CPU
		{A66FD342-FC3B-4BC1-854B-F9A531794D00}.Release|Any CPU.Build.0 = Release|Any CPU
		{45ED3526-2454-4611-ACCE-821E62D925EF}.Debug|Any CPU.ActiveCfg = Debug|Any CPU
		{45ED3526-2454-4611-ACCE-821E62D925EF}.Debug|Any CPU.Build.0 = Debug|Any CPU
		{45ED3526-2454-4611-ACCE-821E62D925EF}.Release|Any CPU.ActiveCfg = Release|Any CPU
		{45ED3526-2454-4611-ACCE-821E62D925EF}.Release|Any CPU.Build.0 = Release|Any CPU
		{0E9A84DF-4A73-4447-AD77-482C541979EF}.Debug|Any CPU.ActiveCfg = Debug|Any CPU
		{0E9A84DF-4A73-4447-AD77-482C541979EF}.Debug|Any CPU.Build.0 = Debug|Any CPU
		{0E9A84DF-4A73-4447-AD77-482C541979EF}.Release|Any CPU.ActiveCfg = Release|Any CPU
		{0E9A84DF-4A73-4447-AD77-482C541979EF}.Release|Any CPU.Build.0 = Release|Any CPU
		{013A8EC0-766B-4672-BC67-036953718C71}.Debug|Any CPU.ActiveCfg = Debug|Any CPU
		{013A8EC0-766B-4672-BC67-036953718C71}.Debug|Any CPU.Build.0 = Debug|Any CPU
		{013A8EC0-766B-4672-BC67-036953718C71}.Release|Any CPU.ActiveCfg = Release|Any CPU
		{013A8EC0-766B-4672-BC67-036953718C71}.Release|Any CPU.Build.0 = Release|Any CPU
		{46C15CE4-0946-43F1-A702-90245E9B29F0}.Debug|Any CPU.ActiveCfg = Debug|Any CPU
		{46C15CE4-0946-43F1-A702-90245E9B29F0}.Debug|Any CPU.Build.0 = Debug|Any CPU
		{46C15CE4-0946-43F1-A702-90245E9B29F0}.Release|Any CPU.ActiveCfg = Release|Any CPU
		{46C15CE4-0946-43F1-A702-90245E9B29F0}.Release|Any CPU.Build.0 = Release|Any CPU
		{15AE61E8-21BA-4FC1-B08A-F7B909EAB8DF}.Debug|Any CPU.ActiveCfg = Debug|Any CPU
		{15AE61E8-21BA-4FC1-B08A-F7B909EAB8DF}.Debug|Any CPU.Build.0 = Debug|Any CPU
		{15AE61E8-21BA-4FC1-B08A-F7B909EAB8DF}.Release|Any CPU.ActiveCfg = Release|Any CPU
		{15AE61E8-21BA-4FC1-B08A-F7B909EAB8DF}.Release|Any CPU.Build.0 = Release|Any CPU
		{F43769E6-C188-4088-B196-705ED4E4E4B6}.Debug|Any CPU.ActiveCfg = Debug|Any CPU
		{F43769E6-C188-4088-B196-705ED4E4E4B6}.Debug|Any CPU.Build.0 = Debug|Any CPU
		{F43769E6-C188-4088-B196-705ED4E4E4B6}.Release|Any CPU.ActiveCfg = Release|Any CPU
		{F43769E6-C188-4088-B196-705ED4E4E4B6}.Release|Any CPU.Build.0 = Release|Any CPU
		{DB1C49C1-797F-4112-A4D0-666238DEC628}.Debug|Any CPU.ActiveCfg = Debug|Any CPU
		{DB1C49C1-797F-4112-A4D0-666238DEC628}.Debug|Any CPU.Build.0 = Debug|Any CPU
		{DB1C49C1-797F-4112-A4D0-666238DEC628}.Release|Any CPU.ActiveCfg = Release|Any CPU
		{DB1C49C1-797F-4112-A4D0-666238DEC628}.Release|Any CPU.Build.0 = Release|Any CPU
		{78137DE8-6236-4351-8630-1C4E6D3176B9}.Debug|Any CPU.ActiveCfg = Debug|Any CPU
		{78137DE8-6236-4351-8630-1C4E6D3176B9}.Debug|Any CPU.Build.0 = Debug|Any CPU
		{78137DE8-6236-4351-8630-1C4E6D3176B9}.Release|Any CPU.ActiveCfg = Release|Any CPU
		{78137DE8-6236-4351-8630-1C4E6D3176B9}.Release|Any CPU.Build.0 = Release|Any CPU
	EndGlobalSection
	GlobalSection(SolutionProperties) = preSolution
		HideSolutionNode = FALSE
	EndGlobalSection
	GlobalSection(ExtensibilityGlobals) = postSolution
		SolutionGuid = {CEA0466D-7227-4C4F-AB29-33DE51B5E525}
	EndGlobalSection
EndGlobal
